
Microsoft Visual Studio Solution File, Format Version 12.00
# Visual Studio Version 17
VisualStudioVersion = 17.3.32929.385
MinimumVisualStudioVersion = 10.0.40219.1
Project("{FAE04EC0-301F-11D3-BF4B-00C04F79EFBC}") = "Hieveryone", "Hieveryone\Hieveryone.csproj", "{070E4E85-0F14-43D8-AD06-81C5BB0F53B5}"
EndProject
Global
	GlobalSection(SolutionConfigurationPlatforms) = preSolution
		Debug|Any CPU = Debug|Any CPU
		Release|Any CPU = Release|Any CPU
	EndGlobalSection
	GlobalSection(ProjectConfigurationPlatforms) = postSolution
		{070E4E85-0F14-43D8-AD06-81C5BB0F53B5}.Debug|Any CPU.ActiveCfg = Debug|Any CPU
		{070E4E85-0F14-43D8-AD06-81C5BB0F53B5}.Debug|Any CPU.Build.0 = Debug|Any CPU
		{070E4E85-0F14-43D8-AD06-81C5BB0F53B5}.Release|Any CPU.ActiveCfg = Release|Any CPU
		{070E4E85-0F14-43D8-AD06-81C5BB0F53B5}.Release|Any CPU.Build.0 = Release|Any CPU
	EndGlobalSection
	GlobalSection(SolutionProperties) = preSolution
		HideSolutionNode = FALSE
	EndGlobalSection
	GlobalSection(ExtensibilityGlobals) = postSolution
		SolutionGuid = {F32BE6D4-0A26-47CA-8BAE-46561D029216}
	EndGlobalSection
EndGlobal
